// !$*UTF8*$!
{
	archiveVersion = 1;
	classes = {
	};
	objectVersion = 51;
	objects = {

/* Begin PBXBuildFile section */
		0484965523D1FCC2001D6B05 /* MapsController.swift in Sources */ = {isa = PBXBuildFile; fileRef = 0484965423D1FCC2001D6B05 /* MapsController.swift */; };
		090007ADB3A7871B9F3EDFDB /* Pods_FillMyTankUITests.framework in Frameworks */ = {isa = PBXBuildFile; fileRef = AC5AD7F4B199273FEE663DC3 /* Pods_FillMyTankUITests.framework */; };
		2240474523BEADA80087EDA0 /* AddTrackController.swift in Sources */ = {isa = PBXBuildFile; fileRef = 2240474423BEADA80087EDA0 /* AddTrackController.swift */; };
		2263B22523B65DF60069DACC /* AppDelegate.swift in Sources */ = {isa = PBXBuildFile; fileRef = 2263B22423B65DF60069DACC /* AppDelegate.swift */; };
		2263B22723B65DF60069DACC /* SceneDelegate.swift in Sources */ = {isa = PBXBuildFile; fileRef = 2263B22623B65DF60069DACC /* SceneDelegate.swift */; };
		2263B22923B65DF60069DACC /* ViewController.swift in Sources */ = {isa = PBXBuildFile; fileRef = 2263B22823B65DF60069DACC /* ViewController.swift */; };
		2263B22E23B65DF60069DACC /* Main.storyboard in Resources */ = {isa = PBXBuildFile; fileRef = 2263B22C23B65DF60069DACC /* Main.storyboard */; };
		2263B23023B65DF70069DACC /* Assets.xcassets in Resources */ = {isa = PBXBuildFile; fileRef = 2263B22F23B65DF70069DACC /* Assets.xcassets */; };
		2263B23323B65DF70069DACC /* LaunchScreen.storyboard in Resources */ = {isa = PBXBuildFile; fileRef = 2263B23123B65DF70069DACC /* LaunchScreen.storyboard */; };
		2263B23E23B65DF70069DACC /* FillMyTankTests.swift in Sources */ = {isa = PBXBuildFile; fileRef = 2263B23D23B65DF70069DACC /* FillMyTankTests.swift */; };
		2263B24923B65DF70069DACC /* FillMyTankUITests.swift in Sources */ = {isa = PBXBuildFile; fileRef = 2263B24823B65DF70069DACC /* FillMyTankUITests.swift */; };
		2268EA9B23C74511009F2F9C /* TrackItemsList.xcdatamodeld in Sources */ = {isa = PBXBuildFile; fileRef = 2268EA9923C74511009F2F9C /* TrackItemsList.xcdatamodeld */; };
		2268EA9D23C74615009F2F9C /* PersistenceService.swift in Sources */ = {isa = PBXBuildFile; fileRef = 2268EA9C23C74615009F2F9C /* PersistenceService.swift */; };
		2274E2D323BA59E8006339F8 /* PricesController.swift in Sources */ = {isa = PBXBuildFile; fileRef = 2274E2D223BA59E8006339F8 /* PricesController.swift */; };
		2274E2D523BA5A9D006339F8 /* PricesListTableViewCell.swift in Sources */ = {isa = PBXBuildFile; fileRef = 2274E2D423BA5A9D006339F8 /* PricesListTableViewCell.swift */; };
		2274E2D723BA5AC1006339F8 /* PricesListModel.swift in Sources */ = {isa = PBXBuildFile; fileRef = 2274E2D623BA5AC1006339F8 /* PricesListModel.swift */; };
		22A35E4323B7EBD20080BF2C /* GoogleService-Info.plist in Resources */ = {isa = PBXBuildFile; fileRef = 22A35E4223B7EBD20080BF2C /* GoogleService-Info.plist */; };
		22A35E4423B7EBD20080BF2C /* GoogleService-Info.plist in Resources */ = {isa = PBXBuildFile; fileRef = 22A35E4223B7EBD20080BF2C /* GoogleService-Info.plist */; };
		22A35E4523B7EBD20080BF2C /* GoogleService-Info.plist in Resources */ = {isa = PBXBuildFile; fileRef = 22A35E4223B7EBD20080BF2C /* GoogleService-Info.plist */; };
		22ADACE023BA111B00DBD190 /* PricesCell.swift in Sources */ = {isa = PBXBuildFile; fileRef = 22ADACDF23BA111B00DBD190 /* PricesCell.swift */; };
		22ADACE223BA127300DBD190 /* DailyPrice.swift in Sources */ = {isa = PBXBuildFile; fileRef = 22ADACE123BA127300DBD190 /* DailyPrice.swift */; };
		44963D250F05C5D92BC4C3EB /* Pods_FillMyTank.framework in Frameworks */ = {isa = PBXBuildFile; fileRef = C58672D4272A1305C942E9D4 /* Pods_FillMyTank.framework */; };
		944DC79B0BD7DA86EE2EFC3C /* Pods_FillMyTankTests.framework in Frameworks */ = {isa = PBXBuildFile; fileRef = 12EDA8F08A2168F718B24E73 /* Pods_FillMyTankTests.framework */; };
/* End PBXBuildFile section */

/* Begin PBXContainerItemProxy section */
		2263B23A23B65DF70069DACC /* PBXContainerItemProxy */ = {
			isa = PBXContainerItemProxy;
			containerPortal = 2263B21923B65DF60069DACC /* Project object */;
			proxyType = 1;
			remoteGlobalIDString = 2263B22023B65DF60069DACC;
			remoteInfo = FillMyTank;
		};
		2263B24523B65DF70069DACC /* PBXContainerItemProxy */ = {
			isa = PBXContainerItemProxy;
			containerPortal = 2263B21923B65DF60069DACC /* Project object */;
			proxyType = 1;
			remoteGlobalIDString = 2263B22023B65DF60069DACC;
			remoteInfo = FillMyTank;
		};
/* End PBXContainerItemProxy section */

/* Begin PBXFileReference section */
		0484965423D1FCC2001D6B05 /* MapsController.swift */ = {isa = PBXFileReference; lastKnownFileType = sourcecode.swift; path = MapsController.swift; sourceTree = "<group>"; };
		12EDA8F08A2168F718B24E73 /* Pods_FillMyTankTests.framework */ = {isa = PBXFileReference; explicitFileType = wrapper.framework; includeInIndex = 0; path = Pods_FillMyTankTests.framework; sourceTree = BUILT_PRODUCTS_DIR; };
		2240474423BEADA80087EDA0 /* AddTrackController.swift */ = {isa = PBXFileReference; lastKnownFileType = sourcecode.swift; path = AddTrackController.swift; sourceTree = "<group>"; };
		2263B22123B65DF60069DACC /* FillMyTank.app */ = {isa = PBXFileReference; explicitFileType = wrapper.application; includeInIndex = 0; path = FillMyTank.app; sourceTree = BUILT_PRODUCTS_DIR; };
		2263B22423B65DF60069DACC /* AppDelegate.swift */ = {isa = PBXFileReference; lastKnownFileType = sourcecode.swift; path = AppDelegate.swift; sourceTree = "<group>"; };
		2263B22623B65DF60069DACC /* SceneDelegate.swift */ = {isa = PBXFileReference; lastKnownFileType = sourcecode.swift; path = SceneDelegate.swift; sourceTree = "<group>"; };
		2263B22823B65DF60069DACC /* ViewController.swift */ = {isa = PBXFileReference; lastKnownFileType = sourcecode.swift; path = ViewController.swift; sourceTree = "<group>"; };
		2263B22D23B65DF60069DACC /* Base */ = {isa = PBXFileReference; lastKnownFileType = file.storyboard; name = Base; path = Base.lproj/Main.storyboard; sourceTree = "<group>"; };
		2263B22F23B65DF70069DACC /* Assets.xcassets */ = {isa = PBXFileReference; lastKnownFileType = folder.assetcatalog; path = Assets.xcassets; sourceTree = "<group>"; };
		2263B23223B65DF70069DACC /* Base */ = {isa = PBXFileReference; lastKnownFileType = file.storyboard; name = Base; path = Base.lproj/LaunchScreen.storyboard; sourceTree = "<group>"; };
		2263B23423B65DF70069DACC /* Info.plist */ = {isa = PBXFileReference; lastKnownFileType = text.plist.xml; path = Info.plist; sourceTree = "<group>"; };
		2263B23923B65DF70069DACC /* FillMyTankTests.xctest */ = {isa = PBXFileReference; explicitFileType = wrapper.cfbundle; includeInIndex = 0; path = FillMyTankTests.xctest; sourceTree = BUILT_PRODUCTS_DIR; };
		2263B23D23B65DF70069DACC /* FillMyTankTests.swift */ = {isa = PBXFileReference; lastKnownFileType = sourcecode.swift; path = FillMyTankTests.swift; sourceTree = "<group>"; };
		2263B23F23B65DF70069DACC /* Info.plist */ = {isa = PBXFileReference; lastKnownFileType = text.plist.xml; path = Info.plist; sourceTree = "<group>"; };
		2263B24423B65DF70069DACC /* FillMyTankUITests.xctest */ = {isa = PBXFileReference; explicitFileType = wrapper.cfbundle; includeInIndex = 0; path = FillMyTankUITests.xctest; sourceTree = BUILT_PRODUCTS_DIR; };
		2263B24823B65DF70069DACC /* FillMyTankUITests.swift */ = {isa = PBXFileReference; lastKnownFileType = sourcecode.swift; path = FillMyTankUITests.swift; sourceTree = "<group>"; };
		2263B24A23B65DF70069DACC /* Info.plist */ = {isa = PBXFileReference; lastKnownFileType = text.plist.xml; path = Info.plist; sourceTree = "<group>"; };
		2268EA9A23C74511009F2F9C /* TrackItemsList.xcdatamodel */ = {isa = PBXFileReference; lastKnownFileType = wrapper.xcdatamodel; path = TrackItemsList.xcdatamodel; sourceTree = "<group>"; };
		2268EA9C23C74615009F2F9C /* PersistenceService.swift */ = {isa = PBXFileReference; lastKnownFileType = sourcecode.swift; path = PersistenceService.swift; sourceTree = "<group>"; };
		2274E2D223BA59E8006339F8 /* PricesController.swift */ = {isa = PBXFileReference; lastKnownFileType = sourcecode.swift; path = PricesController.swift; sourceTree = "<group>"; };
		2274E2D423BA5A9D006339F8 /* PricesListTableViewCell.swift */ = {isa = PBXFileReference; lastKnownFileType = sourcecode.swift; path = PricesListTableViewCell.swift; sourceTree = "<group>"; };
		2274E2D623BA5AC1006339F8 /* PricesListModel.swift */ = {isa = PBXFileReference; lastKnownFileType = sourcecode.swift; path = PricesListModel.swift; sourceTree = "<group>"; };
		22A35E4223B7EBD20080BF2C /* GoogleService-Info.plist */ = {isa = PBXFileReference; fileEncoding = 4; lastKnownFileType = text.plist.xml; path = "GoogleService-Info.plist"; sourceTree = "<group>"; };
		22ADACDF23BA111B00DBD190 /* PricesCell.swift */ = {isa = PBXFileReference; lastKnownFileType = sourcecode.swift; path = PricesCell.swift; sourceTree = "<group>"; };
		22ADACE123BA127300DBD190 /* DailyPrice.swift */ = {isa = PBXFileReference; lastKnownFileType = sourcecode.swift; path = DailyPrice.swift; sourceTree = "<group>"; };
		235130AD4B14E2690DB09486 /* Pods-FillMyTankTests.debug.xcconfig */ = {isa = PBXFileReference; includeInIndex = 1; lastKnownFileType = text.xcconfig; name = "Pods-FillMyTankTests.debug.xcconfig"; path = "Target Support Files/Pods-FillMyTankTests/Pods-FillMyTankTests.debug.xcconfig"; sourceTree = "<group>"; };
		7113E248B9FFA1204ACF20F5 /* Pods-FillMyTank.debug.xcconfig */ = {isa = PBXFileReference; includeInIndex = 1; lastKnownFileType = text.xcconfig; name = "Pods-FillMyTank.debug.xcconfig"; path = "Target Support Files/Pods-FillMyTank/Pods-FillMyTank.debug.xcconfig"; sourceTree = "<group>"; };
		A3F40F1196A868F62A6115A5 /* Pods-FillMyTankUITests.release.xcconfig */ = {isa = PBXFileReference; includeInIndex = 1; lastKnownFileType = text.xcconfig; name = "Pods-FillMyTankUITests.release.xcconfig"; path = "Target Support Files/Pods-FillMyTankUITests/Pods-FillMyTankUITests.release.xcconfig"; sourceTree = "<group>"; };
		AC5AD7F4B199273FEE663DC3 /* Pods_FillMyTankUITests.framework */ = {isa = PBXFileReference; explicitFileType = wrapper.framework; includeInIndex = 0; path = Pods_FillMyTankUITests.framework; sourceTree = BUILT_PRODUCTS_DIR; };
		B1466721F4137E6BF33B61AA /* Pods-FillMyTankTests.release.xcconfig */ = {isa = PBXFileReference; includeInIndex = 1; lastKnownFileType = text.xcconfig; name = "Pods-FillMyTankTests.release.xcconfig"; path = "Target Support Files/Pods-FillMyTankTests/Pods-FillMyTankTests.release.xcconfig"; sourceTree = "<group>"; };
		B43AED7E7534F6AA178C933E /* Pods-FillMyTank.release.xcconfig */ = {isa = PBXFileReference; includeInIndex = 1; lastKnownFileType = text.xcconfig; name = "Pods-FillMyTank.release.xcconfig"; path = "Target Support Files/Pods-FillMyTank/Pods-FillMyTank.release.xcconfig"; sourceTree = "<group>"; };
		C58672D4272A1305C942E9D4 /* Pods_FillMyTank.framework */ = {isa = PBXFileReference; explicitFileType = wrapper.framework; includeInIndex = 0; path = Pods_FillMyTank.framework; sourceTree = BUILT_PRODUCTS_DIR; };
		DA4675903923FE699A7FD722 /* Pods-FillMyTankUITests.debug.xcconfig */ = {isa = PBXFileReference; includeInIndex = 1; lastKnownFileType = text.xcconfig; name = "Pods-FillMyTankUITests.debug.xcconfig"; path = "Target Support Files/Pods-FillMyTankUITests/Pods-FillMyTankUITests.debug.xcconfig"; sourceTree = "<group>"; };
/* End PBXFileReference section */

/* Begin PBXFrameworksBuildPhase section */
		2263B21E23B65DF60069DACC /* Frameworks */ = {
			isa = PBXFrameworksBuildPhase;
			buildActionMask = 2147483647;
			files = (
				44963D250F05C5D92BC4C3EB /* Pods_FillMyTank.framework in Frameworks */,
			);
			runOnlyForDeploymentPostprocessing = 0;
		};
		2263B23623B65DF70069DACC /* Frameworks */ = {
			isa = PBXFrameworksBuildPhase;
			buildActionMask = 2147483647;
			files = (
				944DC79B0BD7DA86EE2EFC3C /* Pods_FillMyTankTests.framework in Frameworks */,
			);
			runOnlyForDeploymentPostprocessing = 0;
		};
		2263B24123B65DF70069DACC /* Frameworks */ = {
			isa = PBXFrameworksBuildPhase;
			buildActionMask = 2147483647;
			files = (
				090007ADB3A7871B9F3EDFDB /* Pods_FillMyTankUITests.framework in Frameworks */,
			);
			runOnlyForDeploymentPostprocessing = 0;
		};
/* End PBXFrameworksBuildPhase section */

/* Begin PBXGroup section */
		2263B21823B65DF60069DACC = {
			isa = PBXGroup;
			children = (
				2263B22323B65DF60069DACC /* FillMyTank */,
				2263B23C23B65DF70069DACC /* FillMyTankTests */,
				2263B24723B65DF70069DACC /* FillMyTankUITests */,
				2263B22223B65DF60069DACC /* Products */,
				DE795037DF1A2C54B0810F28 /* Pods */,
				4B541BDA9ADB4D2A307D32F6 /* Frameworks */,
			);
			sourceTree = "<group>";
		};
		2263B22223B65DF60069DACC /* Products */ = {
			isa = PBXGroup;
			children = (
				2263B22123B65DF60069DACC /* FillMyTank.app */,
				2263B23923B65DF70069DACC /* FillMyTankTests.xctest */,
				2263B24423B65DF70069DACC /* FillMyTankUITests.xctest */,
			);
			name = Products;
			sourceTree = "<group>";
		};
		2263B22323B65DF60069DACC /* FillMyTank */ = {
			isa = PBXGroup;
			children = (
				22A35E4223B7EBD20080BF2C /* GoogleService-Info.plist */,
				2263B22423B65DF60069DACC /* AppDelegate.swift */,
				2263B22623B65DF60069DACC /* SceneDelegate.swift */,
				2263B22823B65DF60069DACC /* ViewController.swift */,
				2263B22C23B65DF60069DACC /* Main.storyboard */,
				2263B22F23B65DF70069DACC /* Assets.xcassets */,
				2263B23123B65DF70069DACC /* LaunchScreen.storyboard */,
				2263B23423B65DF70069DACC /* Info.plist */,
				22ADACDF23BA111B00DBD190 /* PricesCell.swift */,
				22ADACE123BA127300DBD190 /* DailyPrice.swift */,
				2274E2D223BA59E8006339F8 /* PricesController.swift */,
				2274E2D423BA5A9D006339F8 /* PricesListTableViewCell.swift */,
				2274E2D623BA5AC1006339F8 /* PricesListModel.swift */,
				2240474423BEADA80087EDA0 /* AddTrackController.swift */,
				2268EA9923C74511009F2F9C /* TrackItemsList.xcdatamodeld */,
				2268EA9C23C74615009F2F9C /* PersistenceService.swift */,
				0484965423D1FCC2001D6B05 /* MapsController.swift */,
			);
			path = FillMyTank;
			sourceTree = "<group>";
		};
		2263B23C23B65DF70069DACC /* FillMyTankTests */ = {
			isa = PBXGroup;
			children = (
				2263B23D23B65DF70069DACC /* FillMyTankTests.swift */,
				2263B23F23B65DF70069DACC /* Info.plist */,
			);
			path = FillMyTankTests;
			sourceTree = "<group>";
		};
		2263B24723B65DF70069DACC /* FillMyTankUITests */ = {
			isa = PBXGroup;
			children = (
				2263B24823B65DF70069DACC /* FillMyTankUITests.swift */,
				2263B24A23B65DF70069DACC /* Info.plist */,
			);
			path = FillMyTankUITests;
			sourceTree = "<group>";
		};
		4B541BDA9ADB4D2A307D32F6 /* Frameworks */ = {
			isa = PBXGroup;
			children = (
				C58672D4272A1305C942E9D4 /* Pods_FillMyTank.framework */,
				12EDA8F08A2168F718B24E73 /* Pods_FillMyTankTests.framework */,
				AC5AD7F4B199273FEE663DC3 /* Pods_FillMyTankUITests.framework */,
			);
			name = Frameworks;
			sourceTree = "<group>";
		};
		DE795037DF1A2C54B0810F28 /* Pods */ = {
			isa = PBXGroup;
			children = (
				7113E248B9FFA1204ACF20F5 /* Pods-FillMyTank.debug.xcconfig */,
				B43AED7E7534F6AA178C933E /* Pods-FillMyTank.release.xcconfig */,
				235130AD4B14E2690DB09486 /* Pods-FillMyTankTests.debug.xcconfig */,
				B1466721F4137E6BF33B61AA /* Pods-FillMyTankTests.release.xcconfig */,
				DA4675903923FE699A7FD722 /* Pods-FillMyTankUITests.debug.xcconfig */,
				A3F40F1196A868F62A6115A5 /* Pods-FillMyTankUITests.release.xcconfig */,
			);
			path = Pods;
			sourceTree = "<group>";
		};
/* End PBXGroup section */

/* Begin PBXNativeTarget section */
		2263B22023B65DF60069DACC /* FillMyTank */ = {
			isa = PBXNativeTarget;
			buildConfigurationList = 2263B24D23B65DF70069DACC /* Build configuration list for PBXNativeTarget "FillMyTank" */;
			buildPhases = (
				C7C32BC3E4E101961790DC9A /* [CP] Check Pods Manifest.lock */,
				2263B21D23B65DF60069DACC /* Sources */,
				2263B21E23B65DF60069DACC /* Frameworks */,
				2263B21F23B65DF60069DACC /* Resources */,
				2400AAFE9A759AE5C4376B36 /* [CP] Embed Pods Frameworks */,
			);
			buildRules = (
			);
			dependencies = (
			);
			name = FillMyTank;
			productName = FillMyTank;
			productReference = 2263B22123B65DF60069DACC /* FillMyTank.app */;
			productType = "com.apple.product-type.application";
		};
		2263B23823B65DF70069DACC /* FillMyTankTests */ = {
			isa = PBXNativeTarget;
			buildConfigurationList = 2263B25023B65DF70069DACC /* Build configuration list for PBXNativeTarget "FillMyTankTests" */;
			buildPhases = (
				21421C39F0A640889AF5EB5C /* [CP] Check Pods Manifest.lock */,
				2263B23523B65DF70069DACC /* Sources */,
				2263B23623B65DF70069DACC /* Frameworks */,
				2263B23723B65DF70069DACC /* Resources */,
			);
			buildRules = (
			);
			dependencies = (
				2263B23B23B65DF70069DACC /* PBXTargetDependency */,
			);
			name = FillMyTankTests;
			productName = FillMyTankTests;
			productReference = 2263B23923B65DF70069DACC /* FillMyTankTests.xctest */;
			productType = "com.apple.product-type.bundle.unit-test";
		};
		2263B24323B65DF70069DACC /* FillMyTankUITests */ = {
			isa = PBXNativeTarget;
			buildConfigurationList = 2263B25323B65DF70069DACC /* Build configuration list for PBXNativeTarget "FillMyTankUITests" */;
			buildPhases = (
				5B66BE7352F0F33F7687F5C2 /* [CP] Check Pods Manifest.lock */,
				2263B24023B65DF70069DACC /* Sources */,
				2263B24123B65DF70069DACC /* Frameworks */,
				2263B24223B65DF70069DACC /* Resources */,
			);
			buildRules = (
			);
			dependencies = (
				2263B24623B65DF70069DACC /* PBXTargetDependency */,
			);
			name = FillMyTankUITests;
			productName = FillMyTankUITests;
			productReference = 2263B24423B65DF70069DACC /* FillMyTankUITests.xctest */;
			productType = "com.apple.product-type.bundle.ui-testing";
		};
/* End PBXNativeTarget section */

/* Begin PBXProject section */
		2263B21923B65DF60069DACC /* Project object */ = {
			isa = PBXProject;
			attributes = {
				LastSwiftUpdateCheck = 1130;
				LastUpgradeCheck = 1130;
				ORGANIZATIONNAME = MarouenAbdi;
				TargetAttributes = {
					2263B22023B65DF60069DACC = {
						CreatedOnToolsVersion = 11.3;
					};
					2263B23823B65DF70069DACC = {
						CreatedOnToolsVersion = 11.3;
						TestTargetID = 2263B22023B65DF60069DACC;
					};
					2263B24323B65DF70069DACC = {
						CreatedOnToolsVersion = 11.3;
						TestTargetID = 2263B22023B65DF60069DACC;
					};
				};
			};
			buildConfigurationList = 2263B21C23B65DF60069DACC /* Build configuration list for PBXProject "FillMyTank" */;
			compatibilityVersion = "Xcode 9.3";
			developmentRegion = en;
			hasScannedForEncodings = 0;
			knownRegions = (
				en,
				Base,
			);
			mainGroup = 2263B21823B65DF60069DACC;
			productRefGroup = 2263B22223B65DF60069DACC /* Products */;
			projectDirPath = "";
			projectRoot = "";
			targets = (
				2263B22023B65DF60069DACC /* FillMyTank */,
				2263B23823B65DF70069DACC /* FillMyTankTests */,
				2263B24323B65DF70069DACC /* FillMyTankUITests */,
			);
		};
/* End PBXProject section */

/* Begin PBXResourcesBuildPhase section */
		2263B21F23B65DF60069DACC /* Resources */ = {
			isa = PBXResourcesBuildPhase;
			buildActionMask = 2147483647;
			files = (
				2263B23323B65DF70069DACC /* LaunchScreen.storyboard in Resources */,
				22A35E4323B7EBD20080BF2C /* GoogleService-Info.plist in Resources */,
				2263B23023B65DF70069DACC /* Assets.xcassets in Resources */,
				2263B22E23B65DF60069DACC /* Main.storyboard in Resources */,
			);
			runOnlyForDeploymentPostprocessing = 0;
		};
		2263B23723B65DF70069DACC /* Resources */ = {
			isa = PBXResourcesBuildPhase;
			buildActionMask = 2147483647;
			files = (
				22A35E4423B7EBD20080BF2C /* GoogleService-Info.plist in Resources */,
			);
			runOnlyForDeploymentPostprocessing = 0;
		};
		2263B24223B65DF70069DACC /* Resources */ = {
			isa = PBXResourcesBuildPhase;
			buildActionMask = 2147483647;
			files = (
				22A35E4523B7EBD20080BF2C /* GoogleService-Info.plist in Resources */,
			);
			runOnlyForDeploymentPostprocessing = 0;
		};
/* End PBXResourcesBuildPhase section */

/* Begin PBXShellScriptBuildPhase section */
		21421C39F0A640889AF5EB5C /* [CP] Check Pods Manifest.lock */ = {
			isa = PBXShellScriptBuildPhase;
			buildActionMask = 2147483647;
			files = (
			);
			inputFileListPaths = (
			);
			inputPaths = (
				"${PODS_PODFILE_DIR_PATH}/Podfile.lock",
				"${PODS_ROOT}/Manifest.lock",
			);
			name = "[CP] Check Pods Manifest.lock";
			outputFileListPaths = (
			);
			outputPaths = (
				"$(DERIVED_FILE_DIR)/Pods-FillMyTankTests-checkManifestLockResult.txt",
			);
			runOnlyForDeploymentPostprocessing = 0;
			shellPath = /bin/sh;
			shellScript = "diff \"${PODS_PODFILE_DIR_PATH}/Podfile.lock\" \"${PODS_ROOT}/Manifest.lock\" > /dev/null\nif [ $? != 0 ] ; then\n    # print error to STDERR\n    echo \"error: The sandbox is not in sync with the Podfile.lock. Run 'pod install' or update your CocoaPods installation.\" >&2\n    exit 1\nfi\n# This output is used by Xcode 'outputs' to avoid re-running this script phase.\necho \"SUCCESS\" > \"${SCRIPT_OUTPUT_FILE_0}\"\n";
			showEnvVarsInLog = 0;
		};
		2400AAFE9A759AE5C4376B36 /* [CP] Embed Pods Frameworks */ = {
			isa = PBXShellScriptBuildPhase;
			buildActionMask = 2147483647;
			files = (
			);
			inputFileListPaths = (
				"${PODS_ROOT}/Target Support Files/Pods-FillMyTank/Pods-FillMyTank-frameworks-${CONFIGURATION}-input-files.xcfilelist",
			);
			name = "[CP] Embed Pods Frameworks";
			outputFileListPaths = (
				"${PODS_ROOT}/Target Support Files/Pods-FillMyTank/Pods-FillMyTank-frameworks-${CONFIGURATION}-output-files.xcfilelist",
			);
			runOnlyForDeploymentPostprocessing = 0;
			shellPath = /bin/sh;
			shellScript = "\"${PODS_ROOT}/Target Support Files/Pods-FillMyTank/Pods-FillMyTank-frameworks.sh\"\n";
			showEnvVarsInLog = 0;
		};
		5B66BE7352F0F33F7687F5C2 /* [CP] Check Pods Manifest.lock */ = {
			isa = PBXShellScriptBuildPhase;
			buildActionMask = 2147483647;
			files = (
			);
			inputFileListPaths = (
			);
			inputPaths = (
				"${PODS_PODFILE_DIR_PATH}/Podfile.lock",
				"${PODS_ROOT}/Manifest.lock",
			);
			name = "[CP] Check Pods Manifest.lock";
			outputFileListPaths = (
			);
			outputPaths = (
				"$(DERIVED_FILE_DIR)/Pods-FillMyTankUITests-checkManifestLockResult.txt",
			);
			runOnlyForDeploymentPostprocessing = 0;
			shellPath = /bin/sh;
			shellScript = "diff \"${PODS_PODFILE_DIR_PATH}/Podfile.lock\" \"${PODS_ROOT}/Manifest.lock\" > /dev/null\nif [ $? != 0 ] ; then\n    # print error to STDERR\n    echo \"error: The sandbox is not in sync with the Podfile.lock. Run 'pod install' or update your CocoaPods installation.\" >&2\n    exit 1\nfi\n# This output is used by Xcode 'outputs' to avoid re-running this script phase.\necho \"SUCCESS\" > \"${SCRIPT_OUTPUT_FILE_0}\"\n";
			showEnvVarsInLog = 0;
		};
		C7C32BC3E4E101961790DC9A /* [CP] Check Pods Manifest.lock */ = {
			isa = PBXShellScriptBuildPhase;
			buildActionMask = 2147483647;
			files = (
			);
			inputFileListPaths = (
			);
			inputPaths = (
				"${PODS_PODFILE_DIR_PATH}/Podfile.lock",
				"${PODS_ROOT}/Manifest.lock",
			);
			name = "[CP] Check Pods Manifest.lock";
			outputFileListPaths = (
			);
			outputPaths = (
				"$(DERIVED_FILE_DIR)/Pods-FillMyTank-checkManifestLockResult.txt",
			);
			runOnlyForDeploymentPostprocessing = 0;
			shellPath = /bin/sh;
			shellScript = "diff \"${PODS_PODFILE_DIR_PATH}/Podfile.lock\" \"${PODS_ROOT}/Manifest.lock\" > /dev/null\nif [ $? != 0 ] ; then\n    # print error to STDERR\n    echo \"error: The sandbox is not in sync with the Podfile.lock. Run 'pod install' or update your CocoaPods installation.\" >&2\n    exit 1\nfi\n# This output is used by Xcode 'outputs' to avoid re-running this script phase.\necho \"SUCCESS\" > \"${SCRIPT_OUTPUT_FILE_0}\"\n";
			showEnvVarsInLog = 0;
		};
/* End PBXShellScriptBuildPhase section */

/* Begin PBXSourcesBuildPhase section */
		2263B21D23B65DF60069DACC /* Sources */ = {
			isa = PBXSourcesBuildPhase;
			buildActionMask = 2147483647;
			files = (
				2263B22923B65DF60069DACC /* ViewController.swift in Sources */,
				22ADACE023BA111B00DBD190 /* PricesCell.swift in Sources */,
				2263B22523B65DF60069DACC /* AppDelegate.swift in Sources */,
				2268EA9D23C74615009F2F9C /* PersistenceService.swift in Sources */,
				2274E2D723BA5AC1006339F8 /* PricesListModel.swift in Sources */,
				2268EA9B23C74511009F2F9C /* TrackItemsList.xcdatamodeld in Sources */,
				2274E2D323BA59E8006339F8 /* PricesController.swift in Sources */,
				2240474523BEADA80087EDA0 /* AddTrackController.swift in Sources */,
				0484965523D1FCC2001D6B05 /* MapsController.swift in Sources */,
				22ADACE223BA127300DBD190 /* DailyPrice.swift in Sources */,
				2263B22723B65DF60069DACC /* SceneDelegate.swift in Sources */,
				2274E2D523BA5A9D006339F8 /* PricesListTableViewCell.swift in Sources */,
			);
			runOnlyForDeploymentPostprocessing = 0;
		};
		2263B23523B65DF70069DACC /* Sources */ = {
			isa = PBXSourcesBuildPhase;
			buildActionMask = 2147483647;
			files = (
				2263B23E23B65DF70069DACC /* FillMyTankTests.swift in Sources */,
			);
			runOnlyForDeploymentPostprocessing = 0;
		};
		2263B24023B65DF70069DACC /* Sources */ = {
			isa = PBXSourcesBuildPhase;
			buildActionMask = 2147483647;
			files = (
				2263B24923B65DF70069DACC /* FillMyTankUITests.swift in Sources */,
			);
			runOnlyForDeploymentPostprocessing = 0;
		};
/* End PBXSourcesBuildPhase section */

/* Begin PBXTargetDependency section */
		2263B23B23B65DF70069DACC /* PBXTargetDependency */ = {
			isa = PBXTargetDependency;
			target = 2263B22023B65DF60069DACC /* FillMyTank */;
			targetProxy = 2263B23A23B65DF70069DACC /* PBXContainerItemProxy */;
		};
		2263B24623B65DF70069DACC /* PBXTargetDependency */ = {
			isa = PBXTargetDependency;
			target = 2263B22023B65DF60069DACC /* FillMyTank */;
			targetProxy = 2263B24523B65DF70069DACC /* PBXContainerItemProxy */;
		};
/* End PBXTargetDependency section */

/* Begin PBXVariantGroup section */
		2263B22C23B65DF60069DACC /* Main.storyboard */ = {
			isa = PBXVariantGroup;
			children = (
				2263B22D23B65DF60069DACC /* Base */,
			);
			name = Main.storyboard;
			sourceTree = "<group>";
		};
		2263B23123B65DF70069DACC /* LaunchScreen.storyboard */ = {
			isa = PBXVariantGroup;
			children = (
				2263B23223B65DF70069DACC /* Base */,
			);
			name = LaunchScreen.storyboard;
			sourceTree = "<group>";
		};
/* End PBXVariantGroup section */

/* Begin XCBuildConfiguration section */
		2263B24B23B65DF70069DACC /* Debug */ = {
			isa = XCBuildConfiguration;
			buildSettings = {
				ALWAYS_SEARCH_USER_PATHS = NO;
				CLANG_ANALYZER_NONNULL = YES;
				CLANG_ANALYZER_NUMBER_OBJECT_CONVERSION = YES_AGGRESSIVE;
				CLANG_CXX_LANGUAGE_STANDARD = "gnu++14";
				CLANG_CXX_LIBRARY = "libc++";
				CLANG_ENABLE_MODULES = YES;
				CLANG_ENABLE_OBJC_ARC = YES;
				CLANG_ENABLE_OBJC_WEAK = YES;
				CLANG_WARN_BLOCK_CAPTURE_AUTORELEASING = YES;
				CLANG_WARN_BOOL_CONVERSION = YES;
				CLANG_WARN_COMMA = YES;
				CLANG_WARN_CONSTANT_CONVERSION = YES;
				CLANG_WARN_DEPRECATED_OBJC_IMPLEMENTATIONS = YES;
				CLANG_WARN_DIRECT_OBJC_ISA_USAGE = YES_ERROR;
				CLANG_WARN_DOCUMENTATION_COMMENTS = YES;
				CLANG_WARN_EMPTY_BODY = YES;
				CLANG_WARN_ENUM_CONVERSION = YES;
				CLANG_WARN_INFINITE_RECURSION = YES;
				CLANG_WARN_INT_CONVERSION = YES;
				CLANG_WARN_NON_LITERAL_NULL_CONVERSION = YES;
				CLANG_WARN_OBJC_IMPLICIT_RETAIN_SELF = YES;
				CLANG_WARN_OBJC_LITERAL_CONVERSION = YES;
				CLANG_WARN_OBJC_ROOT_CLASS = YES_ERROR;
				CLANG_WARN_RANGE_LOOP_ANALYSIS = YES;
				CLANG_WARN_STRICT_PROTOTYPES = YES;
				CLANG_WARN_SUSPICIOUS_MOVE = YES;
				CLANG_WARN_UNGUARDED_AVAILABILITY = YES_AGGRESSIVE;
				CLANG_WARN_UNREACHABLE_CODE = YES;
				CLANG_WARN__DUPLICATE_METHOD_MATCH = YES;
				COPY_PHASE_STRIP = NO;
				DEBUG_INFORMATION_FORMAT = dwarf;
				ENABLE_STRICT_OBJC_MSGSEND = YES;
				ENABLE_TESTABILITY = YES;
				GCC_C_LANGUAGE_STANDARD = gnu11;
				GCC_DYNAMIC_NO_PIC = NO;
				GCC_NO_COMMON_BLOCKS = YES;
				GCC_OPTIMIZATION_LEVEL = 0;
				GCC_PREPROCESSOR_DEFINITIONS = (
					"DEBUG=1",
					"$(inherited)",
				);
				GCC_WARN_64_TO_32_BIT_CONVERSION = YES;
				GCC_WARN_ABOUT_RETURN_TYPE = YES_ERROR;
				GCC_WARN_UNDECLARED_SELECTOR = YES;
				GCC_WARN_UNINITIALIZED_AUTOS = YES_AGGRESSIVE;
				GCC_WARN_UNUSED_FUNCTION = YES;
				GCC_WARN_UNUSED_VARIABLE = YES;
				IPHONEOS_DEPLOYMENT_TARGET = 13.2;
				MTL_ENABLE_DEBUG_INFO = INCLUDE_SOURCE;
				MTL_FAST_MATH = YES;
				ONLY_ACTIVE_ARCH = YES;
				SDKROOT = iphoneos;
				SWIFT_ACTIVE_COMPILATION_CONDITIONS = DEBUG;
				SWIFT_OPTIMIZATION_LEVEL = "-Onone";
			};
			name = Debug;
		};
		2263B24C23B65DF70069DACC /* Release */ = {
			isa = XCBuildConfiguration;
			buildSettings = {
				ALWAYS_SEARCH_USER_PATHS = NO;
				CLANG_ANALYZER_NONNULL = YES;
				CLANG_ANALYZER_NUMBER_OBJECT_CONVERSION = YES_AGGRESSIVE;
				CLANG_CXX_LANGUAGE_STANDARD = "gnu++14";
				CLANG_CXX_LIBRARY = "libc++";
				CLANG_ENABLE_MODULES = YES;
				CLANG_ENABLE_OBJC_ARC = YES;
				CLANG_ENABLE_OBJC_WEAK = YES;
				CLANG_WARN_BLOCK_CAPTURE_AUTORELEASING = YES;
				CLANG_WARN_BOOL_CONVERSION = YES;
				CLANG_WARN_COMMA = YES;
				CLANG_WARN_CONSTANT_CONVERSION = YES;
				CLANG_WARN_DEPRECATED_OBJC_IMPLEMENTATIONS = YES;
				CLANG_WARN_DIRECT_OBJC_ISA_USAGE = YES_ERROR;
				CLANG_WARN_DOCUMENTATION_COMMENTS = YES;
				CLANG_WARN_EMPTY_BODY = YES;
				CLANG_WARN_ENUM_CONVERSION = YES;
				CLANG_WARN_INFINITE_RECURSION = YES;
				CLANG_WARN_INT_CONVERSION = YES;
				CLANG_WARN_NON_LITERAL_NULL_CONVERSION = YES;
				CLANG_WARN_OBJC_IMPLICIT_RETAIN_SELF = YES;
				CLANG_WARN_OBJC_LITERAL_CONVERSION = YES;
				CLANG_WARN_OBJC_ROOT_CLASS = YES_ERROR;
				CLANG_WARN_RANGE_LOOP_ANALYSIS = YES;
				CLANG_WARN_STRICT_PROTOTYPES = YES;
				CLANG_WARN_SUSPICIOUS_MOVE = YES;
				CLANG_WARN_UNGUARDED_AVAILABILITY = YES_AGGRESSIVE;
				CLANG_WARN_UNREACHABLE_CODE = YES;
				CLANG_WARN__DUPLICATE_METHOD_MATCH = YES;
				COPY_PHASE_STRIP = NO;
				DEBUG_INFORMATION_FORMAT = "dwarf-with-dsym";
				ENABLE_NS_ASSERTIONS = NO;
				ENABLE_STRICT_OBJC_MSGSEND = YES;
				GCC_C_LANGUAGE_STANDARD = gnu11;
				GCC_NO_COMMON_BLOCKS = YES;
				GCC_WARN_64_TO_32_BIT_CONVERSION = YES;
				GCC_WARN_ABOUT_RETURN_TYPE = YES_ERROR;
				GCC_WARN_UNDECLARED_SELECTOR = YES;
				GCC_WARN_UNINITIALIZED_AUTOS = YES_AGGRESSIVE;
				GCC_WARN_UNUSED_FUNCTION = YES;
				GCC_WARN_UNUSED_VARIABLE = YES;
				IPHONEOS_DEPLOYMENT_TARGET = 13.2;
				MTL_ENABLE_DEBUG_INFO = NO;
				MTL_FAST_MATH = YES;
				SDKROOT = iphoneos;
				SWIFT_COMPILATION_MODE = wholemodule;
				SWIFT_OPTIMIZATION_LEVEL = "-O";
				VALIDATE_PRODUCT = YES;
			};
			name = Release;
		};
		2263B24E23B65DF70069DACC /* Debug */ = {
			isa = XCBuildConfiguration;
			baseConfigurationReference = 7113E248B9FFA1204ACF20F5 /* Pods-FillMyTank.debug.xcconfig */;
			buildSettings = {
				ASSETCATALOG_COMPILER_APPICON_NAME = AppIcon;
				CODE_SIGN_STYLE = Automatic;
				INFOPLIST_FILE = FillMyTank/Info.plist;
				IPHONEOS_DEPLOYMENT_TARGET = 13.0;
				LD_RUNPATH_SEARCH_PATHS = (
					"$(inherited)",
					"@executable_path/Frameworks",
				);
				PRODUCT_BUNDLE_IDENTIFIER = MarouenAbdi.FillMyTank;
				PRODUCT_NAME = "$(TARGET_NAME)";
				SWIFT_VERSION = 4.2;
				TARGETED_DEVICE_FAMILY = "1,2";
			};
			name = Debug;
		};
		2263B24F23B65DF70069DACC /* Release */ = {
			isa = XCBuildConfiguration;
			baseConfigurationReference = B43AED7E7534F6AA178C933E /* Pods-FillMyTank.release.xcconfig */;
			buildSettings = {
				ASSETCATALOG_COMPILER_APPICON_NAME = AppIcon;
				CODE_SIGN_STYLE = Automatic;
				INFOPLIST_FILE = FillMyTank/Info.plist;
				IPHONEOS_DEPLOYMENT_TARGET = 13.0;
				LD_RUNPATH_SEARCH_PATHS = (
					"$(inherited)",
					"@executable_path/Frameworks",
				);
				PRODUCT_BUNDLE_IDENTIFIER = MarouenAbdi.FillMyTank;
				PRODUCT_NAME = "$(TARGET_NAME)";
				SWIFT_VERSION = 4.2;
				TARGETED_DEVICE_FAMILY = "1,2";
			};
			name = Release;
		};
		2263B25123B65DF70069DACC /* Debug */ = {
			isa = XCBuildConfiguration;
			baseConfigurationReference = 235130AD4B14E2690DB09486 /* Pods-FillMyTankTests.debug.xcconfig */;
			buildSettings = {
				ALWAYS_EMBED_SWIFT_STANDARD_LIBRARIES = YES;
				BUNDLE_LOADER = "$(TEST_HOST)";
				CODE_SIGN_STYLE = Automatic;
				DEVELOPMENT_TEAM = SKG49WM5TV;
				INFOPLIST_FILE = FillMyTankTests/Info.plist;
				IPHONEOS_DEPLOYMENT_TARGET = 13.0;
				LD_RUNPATH_SEARCH_PATHS = (
					"$(inherited)",
					"@executable_path/Frameworks",
					"@loader_path/Frameworks",
				);
				PRODUCT_BUNDLE_IDENTIFIER = MarouenAbdi.FillMyTankTests;
				PRODUCT_NAME = "$(TARGET_NAME)";
				SWIFT_VERSION = 5.0;
				TARGETED_DEVICE_FAMILY = "1,2";
				TEST_HOST = "$(BUILT_PRODUCTS_DIR)/FillMyTank.app/FillMyTank";
			};
			name = Debug;
		};
		2263B25223B65DF70069DACC /* Release */ = {
			isa = XCBuildConfiguration;
			baseConfigurationReference = B1466721F4137E6BF33B61AA /* Pods-FillMyTankTests.release.xcconfig */;
			buildSettings = {
				ALWAYS_EMBED_SWIFT_STANDARD_LIBRARIES = YES;
				BUNDLE_LOADER = "$(TEST_HOST)";
				CODE_SIGN_STYLE = Automatic;
				DEVELOPMENT_TEAM = SKG49WM5TV;
				INFOPLIST_FILE = FillMyTankTests/Info.plist;
				IPHONEOS_DEPLOYMENT_TARGET = 13.0;
				LD_RUNPATH_SEARCH_PATHS = (
					"$(inherited)",
					"@executable_path/Frameworks",
					"@loader_path/Frameworks",
				);
				PRODUCT_BUNDLE_IDENTIFIER = MarouenAbdi.FillMyTankTests;
				PRODUCT_NAME = "$(TARGET_NAME)";
				SWIFT_VERSION = 5.0;
				TARGETED_DEVICE_FAMILY = "1,2";
				TEST_HOST = "$(BUILT_PRODUCTS_DIR)/FillMyTank.app/FillMyTank";
			};
			name = Release;
		};
		2263B25423B65DF70069DACC /* Debug */ = {
			isa = XCBuildConfiguration;
			baseConfigurationReference = DA4675903923FE699A7FD722 /* Pods-FillMyTankUITests.debug.xcconfig */;
			buildSettings = {
				ALWAYS_EMBED_SWIFT_STANDARD_LIBRARIES = YES;
				CODE_SIGN_STYLE = Automatic;
				DEVELOPMENT_TEAM = SKG49WM5TV;
				INFOPLIST_FILE = FillMyTankUITests/Info.plist;
				IPHONEOS_DEPLOYMENT_TARGET = 13.0;
				LD_RUNPATH_SEARCH_PATHS = (
					"$(inherited)",
					"@executable_path/Frameworks",
					"@loader_path/Frameworks",
				);
				PRODUCT_BUNDLE_IDENTIFIER = MarouenAbdi.FillMyTankUITests;
				PRODUCT_NAME = "$(TARGET_NAME)";
				SWIFT_VERSION = 5.0;
				TARGETED_DEVICE_FAMILY = "1,2";
				TEST_TARGET_NAME = FillMyTank;
			};
			name = Debug;
		};
		2263B25523B65DF70069DACC /* Release */ = {
			isa = XCBuildConfiguration;
			baseConfigurationReference = A3F40F1196A868F62A6115A5 /* Pods-FillMyTankUITests.release.xcconfig */;
			buildSettings = {
				ALWAYS_EMBED_SWIFT_STANDARD_LIBRARIES = YES;
				CODE_SIGN_STYLE = Automatic;
				DEVELOPMENT_TEAM = SKG49WM5TV;
				INFOPLIST_FILE = FillMyTankUITests/Info.plist;
				IPHONEOS_DEPLOYMENT_TARGET = 13.0;
				LD_RUNPATH_SEARCH_PATHS = (
					"$(inherited)",
					"@executable_path/Frameworks",
					"@loader_path/Frameworks",
				);
				PRODUCT_BUNDLE_IDENTIFIER = MarouenAbdi.FillMyTankUITests;
				PRODUCT_NAME = "$(TARGET_NAME)";
				SWIFT_VERSION = 5.0;
				TARGETED_DEVICE_FAMILY = "1,2";
				TEST_TARGET_NAME = FillMyTank;
			};
			name = Release;
		};
/* End XCBuildConfiguration section */

/* Begin XCConfigurationList section */
		2263B21C23B65DF60069DACC /* Build configuration list for PBXProject "FillMyTank" */ = {
			isa = XCConfigurationList;
			buildConfigurations = (
				2263B24B23B65DF70069DACC /* Debug */,
				2263B24C23B65DF70069DACC /* Release */,
			);
			defaultConfigurationIsVisible = 0;
			defaultConfigurationName = Release;
		};
		2263B24D23B65DF70069DACC /* Build configuration list for PBXNativeTarget "FillMyTank" */ = {
			isa = XCConfigurationList;
			buildConfigurations = (
				2263B24E23B65DF70069DACC /* Debug */,
				2263B24F23B65DF70069DACC /* Release */,
			);
			defaultConfigurationIsVisible = 0;
			defaultConfigurationName = Release;
		};
		2263B25023B65DF70069DACC /* Build configuration list for PBXNativeTarget "FillMyTankTests" */ = {
			isa = XCConfigurationList;
			buildConfigurations = (
				2263B25123B65DF70069DACC /* Debug */,
				2263B25223B65DF70069DACC /* Release */,
			);
			defaultConfigurationIsVisible = 0;
			defaultConfigurationName = Release;
		};
		2263B25323B65DF70069DACC /* Build configuration list for PBXNativeTarget "FillMyTankUITests" */ = {
			isa = XCConfigurationList;
			buildConfigurations = (
				2263B25423B65DF70069DACC /* Debug */,
				2263B25523B65DF70069DACC /* Release */,
			);
			defaultConfigurationIsVisible = 0;
			defaultConfigurationName = Release;
		};
/* End XCConfigurationList section */

/* Begin XCVersionGroup section */
		2268EA9923C74511009F2F9C /* TrackItemsList.xcdatamodeld */ = {
			isa = XCVersionGroup;
			children = (
				2268EA9A23C74511009F2F9C /* TrackItemsList.xcdatamodel */,
			);
			currentVersion = 2268EA9A23C74511009F2F9C /* TrackItemsList.xcdatamodel */;
			path = TrackItemsList.xcdatamodeld;
			sourceTree = "<group>";
			versionGroupType = wrapper.xcdatamodel;
		};
/* End XCVersionGroup section */
	};
	rootObject = 2263B21923B65DF60069DACC /* Project object */;
}
